
Microsoft Visual Studio Solution File, Format Version 12.00
# Visual Studio Version 17
VisualStudioVersion = 17.4.33205.214
MinimumVisualStudioVersion = 10.0.40219.1
Project("{9A19103F-16F7-4668-BE54-9A1E7A4F7556}") = "EasyLearn", "EasyLearn.csproj", "{F679F9E0-77B5-4BBC-A41B-EBBFD9BC7CD6}"
EndProject
Global
	GlobalSection(SolutionConfigurationPlatforms) = preSolution
		Debug|Any CPU = Debug|Any CPU
		Release|Any CPU = Release|Any CPU
	EndGlobalSection
	GlobalSection(ProjectConfigurationPlatforms) = postSolution
		{F679F9E0-77B5-4BBC-A41B-EBBFD9BC7CD6}.Debug|Any CPU.ActiveCfg = Debug|Any CPU
		{F679F9E0-77B5-4BBC-A41B-EBBFD9BC7CD6}.Debug|Any CPU.Build.0 = Debug|Any CPU
		{F679F9E0-77B5-4BBC-A41B-EBBFD9BC7CD6}.Release|Any CPU.ActiveCfg = Release|Any CPU
		{F679F9E0-77B5-4BBC-A41B-EBBFD9BC7CD6}.Release|Any CPU.Build.0 = Release|Any CPU
	EndGlobalSection
	GlobalSection(SolutionProperties) = preSolution
		HideSolutionNode = FALSE
	EndGlobalSection
	GlobalSection(ExtensibilityGlobals) = postSolution
		SolutionGuid = {126EAFF4-6227-4CD1-992A-63472D2709E8}
	EndGlobalSection
EndGlobal
