
Microsoft Visual Studio Solution File, Format Version 12.00
# Visual Studio Version 17
VisualStudioVersion = 17.4.33122.133
MinimumVisualStudioVersion = 10.0.40219.1
Project("{9A19103F-16F7-4668-BE54-9A1E7A4F7556}") = "EasyLearn", "EasyLearn.csproj", "{B32459A1-A0E6-4D53-BE96-992C344E8EC2}"
EndProject
Global
	GlobalSection(SolutionConfigurationPlatforms) = preSolution
		Debug|Any CPU = Debug|Any CPU
		Release|Any CPU = Release|Any CPU
	EndGlobalSection
	GlobalSection(ProjectConfigurationPlatforms) = postSolution
		{B32459A1-A0E6-4D53-BE96-992C344E8EC2}.Debug|Any CPU.ActiveCfg = Debug|Any CPU
		{B32459A1-A0E6-4D53-BE96-992C344E8EC2}.Debug|Any CPU.Build.0 = Debug|Any CPU
		{B32459A1-A0E6-4D53-BE96-992C344E8EC2}.Release|Any CPU.ActiveCfg = Release|Any CPU
		{B32459A1-A0E6-4D53-BE96-992C344E8EC2}.Release|Any CPU.Build.0 = Release|Any CPU
	EndGlobalSection
	GlobalSection(SolutionProperties) = preSolution
		HideSolutionNode = FALSE
	EndGlobalSection
	GlobalSection(ExtensibilityGlobals) = postSolution
		SolutionGuid = {A27B2E4F-4887-4F5F-93F6-3386943B311C}
	EndGlobalSection
EndGlobal
